// !$*UTF8*$!
{
	archiveVersion = 1;
	classes = {
	};
	objectVersion = 50;
	objects = {

/* Begin PBXBuildFile section */
		909CD74720B8CDAC004D377B /* AppDelegate.swift in Sources */ = {isa = PBXBuildFile; fileRef = 909CD74620B8CDAC004D377B /* AppDelegate.swift */; };
		909CD74920B8CDAD004D377B /* ViewController.swift in Sources */ = {isa = PBXBuildFile; fileRef = 909CD74820B8CDAD004D377B /* ViewController.swift */; };
		909CD74C20B8CDAD004D377B /* Main.storyboard in Resources */ = {isa = PBXBuildFile; fileRef = 909CD74A20B8CDAD004D377B /* Main.storyboard */; };
		909CD74E20B8CDAE004D377B /* Assets.xcassets in Resources */ = {isa = PBXBuildFile; fileRef = 909CD74D20B8CDAE004D377B /* Assets.xcassets */; };
		909CD75120B8CDAE004D377B /* LaunchScreen.storyboard in Resources */ = {isa = PBXBuildFile; fileRef = 909CD74F20B8CDAE004D377B /* LaunchScreen.storyboard */; };
		909CD75920B8CDFE004D377B /* CoreDataStack.swift in Sources */ = {isa = PBXBuildFile; fileRef = 909CD75820B8CDFE004D377B /* CoreDataStack.swift */; };
		909CD76320B8D0EB004D377B /* Photo+CoreDataClass.swift in Sources */ = {isa = PBXBuildFile; fileRef = 909CD75F20B8D0EB004D377B /* Photo+CoreDataClass.swift */; };
		909CD76420B8D0EB004D377B /* Photo+CoreDataProperties.swift in Sources */ = {isa = PBXBuildFile; fileRef = 909CD76020B8D0EB004D377B /* Photo+CoreDataProperties.swift */; };
		909CD76520B8D0EB004D377B /* Pin+CoreDataClass.swift in Sources */ = {isa = PBXBuildFile; fileRef = 909CD76120B8D0EB004D377B /* Pin+CoreDataClass.swift */; };
		909CD76620B8D0EB004D377B /* Pin+CoreDataProperties.swift in Sources */ = {isa = PBXBuildFile; fileRef = 909CD76220B8D0EB004D377B /* Pin+CoreDataProperties.swift */; };
		909CD76C20BA720E004D377B /* Client.swift in Sources */ = {isa = PBXBuildFile; fileRef = 909CD76B20BA720E004D377B /* Client.swift */; };
		909CD76E20BA7289004D377B /* Client+Extension.swift in Sources */ = {isa = PBXBuildFile; fileRef = 909CD76D20BA7289004D377B /* Client+Extension.swift */; };
		909CD77020BA734D004D377B /* PhotoParser.swift in Sources */ = {isa = PBXBuildFile; fileRef = 909CD76F20BA734D004D377B /* PhotoParser.swift */; };
		909CD77320BA771A004D377B /* VirtualTouristMapViewController.swift in Sources */ = {isa = PBXBuildFile; fileRef = 909CD77220BA771A004D377B /* VirtualTouristMapViewController.swift */; };
		909CD77520BA7B9C004D377B /* ViewController+Extension.swift in Sources */ = {isa = PBXBuildFile; fileRef = 909CD77420BA7B9C004D377B /* ViewController+Extension.swift */; };
		909CD77720BA8C56004D377B /* PhotoAlbumViewController.swift in Sources */ = {isa = PBXBuildFile; fileRef = 909CD77620BA8C56004D377B /* PhotoAlbumViewController.swift */; };
		909CD77920BBCD35004D377B /* PhotoUIViewCell.swift in Sources */ = {isa = PBXBuildFile; fileRef = 909CD77820BBCD35004D377B /* PhotoUIViewCell.swift */; };
		909CD77D20BC6148004D377B /* Virtual-Tourist.xcdatamodeld in Sources */ = {isa = PBXBuildFile; fileRef = 909CD77B20BC6148004D377B /* Virtual-Tourist.xcdatamodeld */; };
/* End PBXBuildFile section */

/* Begin PBXFileReference section */
		909CD74320B8CDAC004D377B /* VirtualTourist.app */ = {isa = PBXFileReference; explicitFileType = wrapper.application; includeInIndex = 0; path = VirtualTourist.app; sourceTree = BUILT_PRODUCTS_DIR; };
		909CD74620B8CDAC004D377B /* AppDelegate.swift */ = {isa = PBXFileReference; lastKnownFileType = sourcecode.swift; path = AppDelegate.swift; sourceTree = "<group>"; };
		909CD74820B8CDAD004D377B /* ViewController.swift */ = {isa = PBXFileReference; lastKnownFileType = sourcecode.swift; path = ViewController.swift; sourceTree = "<group>"; };
		909CD74B20B8CDAD004D377B /* Base */ = {isa = PBXFileReference; lastKnownFileType = file.storyboard; name = Base; path = Base.lproj/Main.storyboard; sourceTree = "<group>"; };
		909CD74D20B8CDAE004D377B /* Assets.xcassets */ = {isa = PBXFileReference; lastKnownFileType = folder.assetcatalog; path = Assets.xcassets; sourceTree = "<group>"; };
		909CD75020B8CDAE004D377B /* Base */ = {isa = PBXFileReference; lastKnownFileType = file.storyboard; name = Base; path = Base.lproj/LaunchScreen.storyboard; sourceTree = "<group>"; };
		909CD75220B8CDAE004D377B /* Info.plist */ = {isa = PBXFileReference; lastKnownFileType = text.plist.xml; path = Info.plist; sourceTree = "<group>"; };
		909CD75820B8CDFE004D377B /* CoreDataStack.swift */ = {isa = PBXFileReference; lastKnownFileType = sourcecode.swift; path = CoreDataStack.swift; sourceTree = "<group>"; };
		909CD75F20B8D0EB004D377B /* Photo+CoreDataClass.swift */ = {isa = PBXFileReference; lastKnownFileType = sourcecode.swift; path = "Photo+CoreDataClass.swift"; sourceTree = "<group>"; };
		909CD76020B8D0EB004D377B /* Photo+CoreDataProperties.swift */ = {isa = PBXFileReference; lastKnownFileType = sourcecode.swift; path = "Photo+CoreDataProperties.swift"; sourceTree = "<group>"; };
		909CD76120B8D0EB004D377B /* Pin+CoreDataClass.swift */ = {isa = PBXFileReference; lastKnownFileType = sourcecode.swift; path = "Pin+CoreDataClass.swift"; sourceTree = "<group>"; };
		909CD76220B8D0EB004D377B /* Pin+CoreDataProperties.swift */ = {isa = PBXFileReference; lastKnownFileType = sourcecode.swift; path = "Pin+CoreDataProperties.swift"; sourceTree = "<group>"; };
		909CD76B20BA720E004D377B /* Client.swift */ = {isa = PBXFileReference; lastKnownFileType = sourcecode.swift; path = Client.swift; sourceTree = "<group>"; };
		909CD76D20BA7289004D377B /* Client+Extension.swift */ = {isa = PBXFileReference; lastKnownFileType = sourcecode.swift; path = "Client+Extension.swift"; sourceTree = "<group>"; };
		909CD76F20BA734D004D377B /* PhotoParser.swift */ = {isa = PBXFileReference; lastKnownFileType = sourcecode.swift; path = PhotoParser.swift; sourceTree = "<group>"; };
		909CD77220BA771A004D377B /* VirtualTouristMapViewController.swift */ = {isa = PBXFileReference; lastKnownFileType = sourcecode.swift; path = VirtualTouristMapViewController.swift; sourceTree = "<group>"; };
		909CD77420BA7B9C004D377B /* ViewController+Extension.swift */ = {isa = PBXFileReference; lastKnownFileType = sourcecode.swift; path = "ViewController+Extension.swift"; sourceTree = "<group>"; };
		909CD77620BA8C56004D377B /* PhotoAlbumViewController.swift */ = {isa = PBXFileReference; lastKnownFileType = sourcecode.swift; path = PhotoAlbumViewController.swift; sourceTree = "<group>"; };
		909CD77820BBCD35004D377B /* PhotoUIViewCell.swift */ = {isa = PBXFileReference; lastKnownFileType = sourcecode.swift; path = PhotoUIViewCell.swift; sourceTree = "<group>"; };
		909CD77C20BC6148004D377B /* Virtual-Tourist.xcdatamodel */ = {isa = PBXFileReference; lastKnownFileType = wrapper.xcdatamodel; path = "Virtual-Tourist.xcdatamodel"; sourceTree = "<group>"; };
/* End PBXFileReference section */

/* Begin PBXFrameworksBuildPhase section */
		909CD74020B8CDAC004D377B /* Frameworks */ = {
			isa = PBXFrameworksBuildPhase;
			buildActionMask = 2147483647;
			files = (
			);
			runOnlyForDeploymentPostprocessing = 0;
		};
/* End PBXFrameworksBuildPhase section */

/* Begin PBXGroup section */
		909CD73A20B8CDAC004D377B = {
			isa = PBXGroup;
			children = (
				909CD74520B8CDAC004D377B /* VirtualTourist */,
				909CD74420B8CDAC004D377B /* Products */,
			);
			sourceTree = "<group>";
		};
		909CD74420B8CDAC004D377B /* Products */ = {
			isa = PBXGroup;
			children = (
				909CD74320B8CDAC004D377B /* VirtualTourist.app */,
			);
			name = Products;
			sourceTree = "<group>";
		};
		909CD74520B8CDAC004D377B /* VirtualTourist */ = {
			isa = PBXGroup;
			children = (
				909CD77B20BC6148004D377B /* Virtual-Tourist.xcdatamodeld */,
				909CD77120BA76E6004D377B /* ViewControllers */,
				909CD76A20BA7176004D377B /* Networking */,
				909CD76720B8D1D8004D377B /* View */,
				909CD75B20B8CE4A004D377B /* Models */,
				909CD74620B8CDAC004D377B /* AppDelegate.swift */,
				909CD74820B8CDAD004D377B /* ViewController.swift */,
				909CD74A20B8CDAD004D377B /* Main.storyboard */,
				909CD74D20B8CDAE004D377B /* Assets.xcassets */,
				909CD74F20B8CDAE004D377B /* LaunchScreen.storyboard */,
				909CD75220B8CDAE004D377B /* Info.plist */,
				909CD75820B8CDFE004D377B /* CoreDataStack.swift */,
			);
			path = VirtualTourist;
			sourceTree = "<group>";
		};
		909CD75B20B8CE4A004D377B /* Models */ = {
			isa = PBXGroup;
			children = (
				909CD75F20B8D0EB004D377B /* Photo+CoreDataClass.swift */,
				909CD76020B8D0EB004D377B /* Photo+CoreDataProperties.swift */,
				909CD76120B8D0EB004D377B /* Pin+CoreDataClass.swift */,
				909CD76220B8D0EB004D377B /* Pin+CoreDataProperties.swift */,
				909CD76F20BA734D004D377B /* PhotoParser.swift */,
			);
			path = Models;
			sourceTree = "<group>";
		};
		909CD76720B8D1D8004D377B /* View */ = {
			isa = PBXGroup;
			children = (
				909CD77820BBCD35004D377B /* PhotoUIViewCell.swift */,
			);
			path = View;
			sourceTree = "<group>";
		};
		909CD76A20BA7176004D377B /* Networking */ = {
			isa = PBXGroup;
			children = (
				909CD76B20BA720E004D377B /* Client.swift */,
				909CD76D20BA7289004D377B /* Client+Extension.swift */,
			);
			path = Networking;
			sourceTree = "<group>";
		};
		909CD77120BA76E6004D377B /* ViewControllers */ = {
			isa = PBXGroup;
			children = (
				909CD77220BA771A004D377B /* VirtualTouristMapViewController.swift */,
				909CD77420BA7B9C004D377B /* ViewController+Extension.swift */,
				909CD77620BA8C56004D377B /* PhotoAlbumViewController.swift */,
			);
			path = ViewControllers;
			sourceTree = "<group>";
		};
/* End PBXGroup section */

/* Begin PBXNativeTarget section */
		909CD74220B8CDAC004D377B /* VirtualTourist */ = {
			isa = PBXNativeTarget;
			buildConfigurationList = 909CD75520B8CDAE004D377B /* Build configuration list for PBXNativeTarget "VirtualTourist" */;
			buildPhases = (
				909CD73F20B8CDAC004D377B /* Sources */,
				909CD74020B8CDAC004D377B /* Frameworks */,
				909CD74120B8CDAC004D377B /* Resources */,
			);
			buildRules = (
			);
			dependencies = (
			);
			name = VirtualTourist;
			productName = VirtualTourist;
			productReference = 909CD74320B8CDAC004D377B /* VirtualTourist.app */;
			productType = "com.apple.product-type.application";
		};
/* End PBXNativeTarget section */

/* Begin PBXProject section */
		909CD73B20B8CDAC004D377B /* Project object */ = {
			isa = PBXProject;
			attributes = {
				LastSwiftUpdateCheck = 0930;
				LastUpgradeCheck = 0930;
				ORGANIZATIONNAME = "Sujay Bhowmick";
				TargetAttributes = {
					909CD74220B8CDAC004D377B = {
						CreatedOnToolsVersion = 9.3.1;
					};
				};
			};
			buildConfigurationList = 909CD73E20B8CDAC004D377B /* Build configuration list for PBXProject "VirtualTourist" */;
			compatibilityVersion = "Xcode 9.3";
			developmentRegion = en;
			hasScannedForEncodings = 0;
			knownRegions = (
				en,
				Base,
			);
			mainGroup = 909CD73A20B8CDAC004D377B;
			productRefGroup = 909CD74420B8CDAC004D377B /* Products */;
			projectDirPath = "";
			projectRoot = "";
			targets = (
				909CD74220B8CDAC004D377B /* VirtualTourist */,
			);
		};
/* End PBXProject section */

/* Begin PBXResourcesBuildPhase section */
		909CD74120B8CDAC004D377B /* Resources */ = {
			isa = PBXResourcesBuildPhase;
			buildActionMask = 2147483647;
			files = (
				909CD75120B8CDAE004D377B /* LaunchScreen.storyboard in Resources */,
				909CD74E20B8CDAE004D377B /* Assets.xcassets in Resources */,
				909CD74C20B8CDAD004D377B /* Main.storyboard in Resources */,
			);
			runOnlyForDeploymentPostprocessing = 0;
		};
/* End PBXResourcesBuildPhase section */

/* Begin PBXSourcesBuildPhase section */
		909CD73F20B8CDAC004D377B /* Sources */ = {
			isa = PBXSourcesBuildPhase;
			buildActionMask = 2147483647;
			files = (
				909CD76420B8D0EB004D377B /* Photo+CoreDataProperties.swift in Sources */,
				909CD76620B8D0EB004D377B /* Pin+CoreDataProperties.swift in Sources */,
				909CD76320B8D0EB004D377B /* Photo+CoreDataClass.swift in Sources */,
				909CD76520B8D0EB004D377B /* Pin+CoreDataClass.swift in Sources */,
				909CD75920B8CDFE004D377B /* CoreDataStack.swift in Sources */,
				909CD74920B8CDAD004D377B /* ViewController.swift in Sources */,
				909CD77320BA771A004D377B /* VirtualTouristMapViewController.swift in Sources */,
				909CD76E20BA7289004D377B /* Client+Extension.swift in Sources */,
				909CD77520BA7B9C004D377B /* ViewController+Extension.swift in Sources */,
				909CD76C20BA720E004D377B /* Client.swift in Sources */,
				909CD74720B8CDAC004D377B /* AppDelegate.swift in Sources */,
				909CD77020BA734D004D377B /* PhotoParser.swift in Sources */,
				909CD77920BBCD35004D377B /* PhotoUIViewCell.swift in Sources */,
				909CD77720BA8C56004D377B /* PhotoAlbumViewController.swift in Sources */,
				909CD77D20BC6148004D377B /* Virtual-Tourist.xcdatamodeld in Sources */,
			);
			runOnlyForDeploymentPostprocessing = 0;
		};
/* End PBXSourcesBuildPhase section */

/* Begin PBXVariantGroup section */
		909CD74A20B8CDAD004D377B /* Main.storyboard */ = {
			isa = PBXVariantGroup;
			children = (
				909CD74B20B8CDAD004D377B /* Base */,
			);
			name = Main.storyboard;
			sourceTree = "<group>";
		};
		909CD74F20B8CDAE004D377B /* LaunchScreen.storyboard */ = {
			isa = PBXVariantGroup;
			children = (
				909CD75020B8CDAE004D377B /* Base */,
			);
			name = LaunchScreen.storyboard;
			sourceTree = "<group>";
		};
/* End PBXVariantGroup section */

/* Begin XCBuildConfiguration section */
		909CD75320B8CDAE004D377B /* Debug */ = {
			isa = XCBuildConfiguration;
			buildSettings = {
				ALWAYS_SEARCH_USER_PATHS = NO;
				CLANG_ANALYZER_NONNULL = YES;
				CLANG_ANALYZER_NUMBER_OBJECT_CONVERSION = YES_AGGRESSIVE;
				CLANG_CXX_LANGUAGE_STANDARD = "gnu++14";
				CLANG_CXX_LIBRARY = "libc++";
				CLANG_ENABLE_MODULES = YES;
				CLANG_ENABLE_OBJC_ARC = YES;
				CLANG_ENABLE_OBJC_WEAK = YES;
				CLANG_WARN_BLOCK_CAPTURE_AUTORELEASING = YES;
				CLANG_WARN_BOOL_CONVERSION = YES;
				CLANG_WARN_COMMA = YES;
				CLANG_WARN_CONSTANT_CONVERSION = YES;
				CLANG_WARN_DEPRECATED_OBJC_IMPLEMENTATIONS = YES;
				CLANG_WARN_DIRECT_OBJC_ISA_USAGE = YES_ERROR;
				CLANG_WARN_DOCUMENTATION_COMMENTS = YES;
				CLANG_WARN_EMPTY_BODY = YES;
				CLANG_WARN_ENUM_CONVERSION = YES;
				CLANG_WARN_INFINITE_RECURSION = YES;
				CLANG_WARN_INT_CONVERSION = YES;
				CLANG_WARN_NON_LITERAL_NULL_CONVERSION = YES;
				CLANG_WARN_OBJC_IMPLICIT_RETAIN_SELF = YES;
				CLANG_WARN_OBJC_LITERAL_CONVERSION = YES;
				CLANG_WARN_OBJC_ROOT_CLASS = YES_ERROR;
				CLANG_WARN_RANGE_LOOP_ANALYSIS = YES;
				CLANG_WARN_STRICT_PROTOTYPES = YES;
				CLANG_WARN_SUSPICIOUS_MOVE = YES;
				CLANG_WARN_UNGUARDED_AVAILABILITY = YES_AGGRESSIVE;
				CLANG_WARN_UNREACHABLE_CODE = YES;
				CLANG_WARN__DUPLICATE_METHOD_MATCH = YES;
				CODE_SIGN_IDENTITY = "iPhone Developer";
				COPY_PHASE_STRIP = NO;
				DEBUG_INFORMATION_FORMAT = dwarf;
				ENABLE_STRICT_OBJC_MSGSEND = YES;
				ENABLE_TESTABILITY = YES;
				GCC_C_LANGUAGE_STANDARD = gnu11;
				GCC_DYNAMIC_NO_PIC = NO;
				GCC_NO_COMMON_BLOCKS = YES;
				GCC_OPTIMIZATION_LEVEL = 0;
				GCC_PREPROCESSOR_DEFINITIONS = (
					"DEBUG=1",
					"$(inherited)",
				);
				GCC_WARN_64_TO_32_BIT_CONVERSION = YES;
				GCC_WARN_ABOUT_RETURN_TYPE = YES_ERROR;
				GCC_WARN_UNDECLARED_SELECTOR = YES;
				GCC_WARN_UNINITIALIZED_AUTOS = YES_AGGRESSIVE;
				GCC_WARN_UNUSED_FUNCTION = YES;
				GCC_WARN_UNUSED_VARIABLE = YES;
				IPHONEOS_DEPLOYMENT_TARGET = 11.3;
				MTL_ENABLE_DEBUG_INFO = YES;
				ONLY_ACTIVE_ARCH = YES;
				SDKROOT = iphoneos;
				SWIFT_ACTIVE_COMPILATION_CONDITIONS = DEBUG;
				SWIFT_OPTIMIZATION_LEVEL = "-Onone";
			};
			name = Debug;
		};
		909CD75420B8CDAE004D377B /* Release */ = {
			isa = XCBuildConfiguration;
			buildSettings = {
				ALWAYS_SEARCH_USER_PATHS = NO;
				CLANG_ANALYZER_NONNULL = YES;
				CLANG_ANALYZER_NUMBER_OBJECT_CONVERSION = YES_AGGRESSIVE;
				CLANG_CXX_LANGUAGE_STANDARD = "gnu++14";
				CLANG_CXX_LIBRARY = "libc++";
				CLANG_ENABLE_MODULES = YES;
				CLANG_ENABLE_OBJC_ARC = YES;
				CLANG_ENABLE_OBJC_WEAK = YES;
				CLANG_WARN_BLOCK_CAPTURE_AUTORELEASING = YES;
				CLANG_WARN_BOOL_CONVERSION = YES;
				CLANG_WARN_COMMA = YES;
				CLANG_WARN_CONSTANT_CONVERSION = YES;
				CLANG_WARN_DEPRECATED_OBJC_IMPLEMENTATIONS = YES;
				CLANG_WARN_DIRECT_OBJC_ISA_USAGE = YES_ERROR;
				CLANG_WARN_DOCUMENTATION_COMMENTS = YES;
				CLANG_WARN_EMPTY_BODY = YES;
				CLANG_WARN_ENUM_CONVERSION = YES;
				CLANG_WARN_INFINITE_RECURSION = YES;
				CLANG_WARN_INT_CONVERSION = YES;
				CLANG_WARN_NON_LITERAL_NULL_CONVERSION = YES;
				CLANG_WARN_OBJC_IMPLICIT_RETAIN_SELF = YES;
				CLANG_WARN_OBJC_LITERAL_CONVERSION = YES;
				CLANG_WARN_OBJC_ROOT_CLASS = YES_ERROR;
				CLANG_WARN_RANGE_LOOP_ANALYSIS = YES;
				CLANG_WARN_STRICT_PROTOTYPES = YES;
				CLANG_WARN_SUSPICIOUS_MOVE = YES;
				CLANG_WARN_UNGUARDED_AVAILABILITY = YES_AGGRESSIVE;
				CLANG_WARN_UNREACHABLE_CODE = YES;
				CLANG_WARN__DUPLICATE_METHOD_MATCH = YES;
				CODE_SIGN_IDENTITY = "iPhone Developer";
				COPY_PHASE_STRIP = NO;
				DEBUG_INFORMATION_FORMAT = "dwarf-with-dsym";
				ENABLE_NS_ASSERTIONS = NO;
				ENABLE_STRICT_OBJC_MSGSEND = YES;
				GCC_C_LANGUAGE_STANDARD = gnu11;
				GCC_NO_COMMON_BLOCKS = YES;
				GCC_WARN_64_TO_32_BIT_CONVERSION = YES;
				GCC_WARN_ABOUT_RETURN_TYPE = YES_ERROR;
				GCC_WARN_UNDECLARED_SELECTOR = YES;
				GCC_WARN_UNINITIALIZED_AUTOS = YES_AGGRESSIVE;
				GCC_WARN_UNUSED_FUNCTION = YES;
				GCC_WARN_UNUSED_VARIABLE = YES;
				IPHONEOS_DEPLOYMENT_TARGET = 11.3;
				MTL_ENABLE_DEBUG_INFO = NO;
				SDKROOT = iphoneos;
				SWIFT_COMPILATION_MODE = wholemodule;
				SWIFT_OPTIMIZATION_LEVEL = "-O";
				VALIDATE_PRODUCT = YES;
			};
			name = Release;
		};
		909CD75620B8CDAE004D377B /* Debug */ = {
			isa = XCBuildConfiguration;
			buildSettings = {
				ASSETCATALOG_COMPILER_APPICON_NAME = AppIcon;
				CODE_SIGN_STYLE = Automatic;
				DEVELOPMENT_TEAM = 4XL3CX888E;
				INFOPLIST_FILE = VirtualTourist/Info.plist;
				LD_RUNPATH_SEARCH_PATHS = (
					"$(inherited)",
					"@executable_path/Frameworks",
				);
				PRODUCT_BUNDLE_IDENTIFIER = com.sujaybhowmick.VirtualTourist;
				PRODUCT_NAME = "$(TARGET_NAME)";
				SWIFT_VERSION = 4.0;
				TARGETED_DEVICE_FAMILY = "1,2";
			};
			name = Debug;
		};
		909CD75720B8CDAE004D377B /* Release */ = {
			isa = XCBuildConfiguration;
			buildSettings = {
				ASSETCATALOG_COMPILER_APPICON_NAME = AppIcon;
				CODE_SIGN_STYLE = Automatic;
				DEVELOPMENT_TEAM = 4XL3CX888E;
				INFOPLIST_FILE = VirtualTourist/Info.plist;
				LD_RUNPATH_SEARCH_PATHS = (
					"$(inherited)",
					"@executable_path/Frameworks",
				);
				PRODUCT_BUNDLE_IDENTIFIER = com.sujaybhowmick.VirtualTourist;
				PRODUCT_NAME = "$(TARGET_NAME)";
				SWIFT_VERSION = 4.0;
				TARGETED_DEVICE_FAMILY = "1,2";
			};
			name = Release;
		};
/* End XCBuildConfiguration section */

/* Begin XCConfigurationList section */
		909CD73E20B8CDAC004D377B /* Build configuration list for PBXProject "VirtualTourist" */ = {
			isa = XCConfigurationList;
			buildConfigurations = (
				909CD75320B8CDAE004D377B /* Debug */,
				909CD75420B8CDAE004D377B /* Release */,
			);
			defaultConfigurationIsVisible = 0;
			defaultConfigurationName = Release;
		};
		909CD75520B8CDAE004D377B /* Build configuration list for PBXNativeTarget "VirtualTourist" */ = {
			isa = XCConfigurationList;
			buildConfigurations = (
				909CD75620B8CDAE004D377B /* Debug */,
				909CD75720B8CDAE004D377B /* Release */,
			);
			defaultConfigurationIsVisible = 0;
			defaultConfigurationName = Release;
		};
/* End XCConfigurationList section */

/* Begin XCVersionGroup section */
		909CD77B20BC6148004D377B /* Virtual-Tourist.xcdatamodeld */ = {
			isa = XCVersionGroup;
			children = (
				909CD77C20BC6148004D377B /* Virtual-Tourist.xcdatamodel */,
			);
			currentVersion = 909CD77C20BC6148004D377B /* Virtual-Tourist.xcdatamodel */;
			name = "Virtual-Tourist.xcdatamodeld";
			path = "../Virtual-Tourist.xcdatamodeld";
			sourceTree = "<group>";
			versionGroupType = wrapper.xcdatamodel;
		};
/* End XCVersionGroup section */
	};
	rootObject = 909CD73B20B8CDAC004D377B /* Project object */;
}
